
Microsoft Visual Studio Solution File, Format Version 12.00
# Visual Studio 15
VisualStudioVersion = 15.0.28010.2041
MinimumVisualStudioVersion = 10.0.40219.1
Project("{FAE04EC0-301F-11D3-BF4B-00C04F79EFBC}") = "MioBlog.Core", "MioBlog.Core\MioBlog.Core.csproj", "{C4867741-3CA8-4776-9AF3-C33CDF9D011B}"
EndProject
Project("{FAE04EC0-301F-11D3-BF4B-00C04F79EFBC}") = "MioBlog.Entities", "MioBlog.Entities\MioBlog.Entities.csproj", "{64C82F8C-3531-4922-A3BD-C62B3F63A000}"
EndProject
Project("{FAE04EC0-301F-11D3-BF4B-00C04F79EFBC}") = "MioBlog.DataAccess", "MioBlog.DataAccess\MioBlog.DataAccess.csproj", "{736B98F3-28A6-4FEB-8BEC-323759C100E5}"
EndProject
Project("{FAE04EC0-301F-11D3-BF4B-00C04F79EFBC}") = "MioBlog.Business", "MioBlog.Business\MioBlog.Business.csproj", "{A7FEC013-137D-4ED2-9374-0361AB3B4779}"
EndProject
Project("{FAE04EC0-301F-11D3-BF4B-00C04F79EFBC}") = "MioBlog.Business.Tests", "MioBlog.Business.Tests\MioBlog.Business.Tests.csproj", "{41823140-F262-4FD2-B68F-0D15B324D474}"
EndProject
Global
	GlobalSection(SolutionConfigurationPlatforms) = preSolution
		Debug|Any CPU = Debug|Any CPU
		Release|Any CPU = Release|Any CPU
	EndGlobalSection
	GlobalSection(ProjectConfigurationPlatforms) = postSolution
		{C4867741-3CA8-4776-9AF3-C33CDF9D011B}.Debug|Any CPU.ActiveCfg = Debug|Any CPU
		{C4867741-3CA8-4776-9AF3-C33CDF9D011B}.Debug|Any CPU.Build.0 = Debug|Any CPU
		{C4867741-3CA8-4776-9AF3-C33CDF9D011B}.Release|Any CPU.ActiveCfg = Release|Any CPU
		{C4867741-3CA8-4776-9AF3-C33CDF9D011B}.Release|Any CPU.Build.0 = Release|Any CPU
		{64C82F8C-3531-4922-A3BD-C62B3F63A000}.Debug|Any CPU.ActiveCfg = Debug|Any CPU
		{64C82F8C-3531-4922-A3BD-C62B3F63A000}.Debug|Any CPU.Build.0 = Debug|Any CPU
		{64C82F8C-3531-4922-A3BD-C62B3F63A000}.Release|Any CPU.ActiveCfg = Release|Any CPU
		{64C82F8C-3531-4922-A3BD-C62B3F63A000}.Release|Any CPU.Build.0 = Release|Any CPU
		{736B98F3-28A6-4FEB-8BEC-323759C100E5}.Debug|Any CPU.ActiveCfg = Debug|Any CPU
		{736B98F3-28A6-4FEB-8BEC-323759C100E5}.Debug|Any CPU.Build.0 = Debug|Any CPU
		{736B98F3-28A6-4FEB-8BEC-323759C100E5}.Release|Any CPU.ActiveCfg = Release|Any CPU
		{736B98F3-28A6-4FEB-8BEC-323759C100E5}.Release|Any CPU.Build.0 = Release|Any CPU
		{A7FEC013-137D-4ED2-9374-0361AB3B4779}.Debug|Any CPU.ActiveCfg = Debug|Any CPU
		{A7FEC013-137D-4ED2-9374-0361AB3B4779}.Debug|Any CPU.Build.0 = Debug|Any CPU
		{A7FEC013-137D-4ED2-9374-0361AB3B4779}.Release|Any CPU.ActiveCfg = Release|Any CPU
		{A7FEC013-137D-4ED2-9374-0361AB3B4779}.Release|Any CPU.Build.0 = Release|Any CPU
		{41823140-F262-4FD2-B68F-0D15B324D474}.Debug|Any CPU.ActiveCfg = Debug|Any CPU
		{41823140-F262-4FD2-B68F-0D15B324D474}.Debug|Any CPU.Build.0 = Debug|Any CPU
		{41823140-F262-4FD2-B68F-0D15B324D474}.Release|Any CPU.ActiveCfg = Release|Any CPU
		{41823140-F262-4FD2-B68F-0D15B324D474}.Release|Any CPU.Build.0 = Release|Any CPU
	EndGlobalSection
	GlobalSection(SolutionProperties) = preSolution
		HideSolutionNode = FALSE
	EndGlobalSection
	GlobalSection(ExtensibilityGlobals) = postSolution
		SolutionGuid = {B515F192-FD12-48B1-8C8A-77CE52C0B7E9}
	EndGlobalSection
EndGlobal
